
Microsoft Visual Studio Solution File, Format Version 12.00
# Visual Studio 15
VisualStudioVersion = 15.0.28307.421
MinimumVisualStudioVersion = 10.0.40219.1
Project("{FAE04EC0-301F-11D3-BF4B-00C04F79EFBC}") = "ConsignmentShopUI", "ConsignmentShopUI\ConsignmentShopUI.csproj", "{880BBC98-F383-45F9-813F-2D5AF63C4E10}"
EndProject
Project("{FAE04EC0-301F-11D3-BF4B-00C04F79EFBC}") = "ConsignmentShopModelsLibrary", "ConsignmentShopLibrary\ConsignmentShopModelsLibrary.csproj", "{1F915375-8097-4424-81BB-A0F6EC1CCCE5}"
EndProject
Project("{00D1A9C2-B5F0-4AF3-8072-F6C62B433612}") = "ConsignmentShop", "ConsignmentShop\ConsignmentShop.sqlproj", "{0F46E419-DB11-4EB8-9C14-786435418D7C}"
EndProject
Project("{FAE04EC0-301F-11D3-BF4B-00C04F79EFBC}") = "ConsignmentShopLogicLibrary", "ConsignmentShopLogicLibrary\ConsignmentShopLogicLibrary.csproj", "{2B58BAF2-44B8-4259-A4B5-EB114875C7B3}"
EndProject
Project("{FAE04EC0-301F-11D3-BF4B-00C04F79EFBC}") = "ConsigmentShopReactiveUI", "ConsigmentShopReactiveUI\ConsigmentShopReactiveUI.csproj", "{BBEC1284-6FE1-4562-B993-52D24A8028E1}"
EndProject
Project("{FAE04EC0-301F-11D3-BF4B-00C04F79EFBC}") = "HelperApp", "HelperApp\HelperApp.csproj", "{2D8BABC9-A636-4346-B63C-A93F186160FD}"
EndProject
Global
	GlobalSection(SolutionConfigurationPlatforms) = preSolution
		Debug|Any CPU = Debug|Any CPU
		Release|Any CPU = Release|Any CPU
	EndGlobalSection
	GlobalSection(ProjectConfigurationPlatforms) = postSolution
		{880BBC98-F383-45F9-813F-2D5AF63C4E10}.Debug|Any CPU.ActiveCfg = Debug|Any CPU
		{880BBC98-F383-45F9-813F-2D5AF63C4E10}.Debug|Any CPU.Build.0 = Debug|Any CPU
		{880BBC98-F383-45F9-813F-2D5AF63C4E10}.Release|Any CPU.ActiveCfg = Release|Any CPU
		{880BBC98-F383-45F9-813F-2D5AF63C4E10}.Release|Any CPU.Build.0 = Release|Any CPU
		{1F915375-8097-4424-81BB-A0F6EC1CCCE5}.Debug|Any CPU.ActiveCfg = Debug|Any CPU
		{1F915375-8097-4424-81BB-A0F6EC1CCCE5}.Debug|Any CPU.Build.0 = Debug|Any CPU
		{1F915375-8097-4424-81BB-A0F6EC1CCCE5}.Release|Any CPU.ActiveCfg = Release|Any CPU
		{1F915375-8097-4424-81BB-A0F6EC1CCCE5}.Release|Any CPU.Build.0 = Release|Any CPU
		{0F46E419-DB11-4EB8-9C14-786435418D7C}.Debug|Any CPU.ActiveCfg = Debug|Any CPU
		{0F46E419-DB11-4EB8-9C14-786435418D7C}.Debug|Any CPU.Build.0 = Debug|Any CPU
		{0F46E419-DB11-4EB8-9C14-786435418D7C}.Debug|Any CPU.Deploy.0 = Debug|Any CPU
		{0F46E419-DB11-4EB8-9C14-786435418D7C}.Release|Any CPU.ActiveCfg = Release|Any CPU
		{0F46E419-DB11-4EB8-9C14-786435418D7C}.Release|Any CPU.Build.0 = Release|Any CPU
		{0F46E419-DB11-4EB8-9C14-786435418D7C}.Release|Any CPU.Deploy.0 = Release|Any CPU
		{2B58BAF2-44B8-4259-A4B5-EB114875C7B3}.Debug|Any CPU.ActiveCfg = Debug|Any CPU
		{2B58BAF2-44B8-4259-A4B5-EB114875C7B3}.Debug|Any CPU.Build.0 = Debug|Any CPU
		{2B58BAF2-44B8-4259-A4B5-EB114875C7B3}.Release|Any CPU.ActiveCfg = Release|Any CPU
		{2B58BAF2-44B8-4259-A4B5-EB114875C7B3}.Release|Any CPU.Build.0 = Release|Any CPU
		{BBEC1284-6FE1-4562-B993-52D24A8028E1}.Debug|Any CPU.ActiveCfg = Debug|Any CPU
		{BBEC1284-6FE1-4562-B993-52D24A8028E1}.Debug|Any CPU.Build.0 = Debug|Any CPU
		{BBEC1284-6FE1-4562-B993-52D24A8028E1}.Release|Any CPU.ActiveCfg = Release|Any CPU
		{BBEC1284-6FE1-4562-B993-52D24A8028E1}.Release|Any CPU.Build.0 = Release|Any CPU
		{2D8BABC9-A636-4346-B63C-A93F186160FD}.Debug|Any CPU.ActiveCfg = Debug|Any CPU
		{2D8BABC9-A636-4346-B63C-A93F186160FD}.Debug|Any CPU.Build.0 = Debug|Any CPU
		{2D8BABC9-A636-4346-B63C-A93F186160FD}.Release|Any CPU.ActiveCfg = Release|Any CPU
		{2D8BABC9-A636-4346-B63C-A93F186160FD}.Release|Any CPU.Build.0 = Release|Any CPU
	EndGlobalSection
	GlobalSection(SolutionProperties) = preSolution
		HideSolutionNode = FALSE
	EndGlobalSection
	GlobalSection(ExtensibilityGlobals) = postSolution
		SolutionGuid = {60644E6F-F04E-4CCA-B21F-23DA8A6F4C9F}
	EndGlobalSection
EndGlobal
