
Microsoft Visual Studio Solution File, Format Version 12.00
# Visual Studio Version 16
VisualStudioVersion = 16.0.28822.285
MinimumVisualStudioVersion = 10.0.40219.1
Project("{FAE04EC0-301F-11D3-BF4B-00C04F79EFBC}") = "TRMDataManager", "TRMDataManager\TRMDataManager.csproj", "{C2802EA1-8437-4DE8-AC81-94E48D4A0428}"
EndProject
Project("{00D1A9C2-B5F0-4AF3-8072-F6C62B433612}") = "TRMData", "TRMData\TRMData.sqlproj", "{94AFB764-B19F-42E7-AFF0-B7A06500C961}"
EndProject
Project("{FAE04EC0-301F-11D3-BF4B-00C04F79EFBC}") = "TRMWPFDesktopUI", "TRMWPFDesktopUI\TRMWPFDesktopUI.csproj", "{7DCC4F78-12C6-428A-B59F-5C19BB706945}"
EndProject
Project("{FAE04EC0-301F-11D3-BF4B-00C04F79EFBC}") = "TRMDataManager.Library", "TRMDataManager.Library\TRMDataManager.Library.csproj", "{BE4B153E-9E42-4325-9341-44230AFA7982}"
EndProject
Project("{FAE04EC0-301F-11D3-BF4B-00C04F79EFBC}") = "TRMDesktopUI.Library", "TRMDesktopUI.Library\TRMDesktopUI.Library.csproj", "{4CC36F4A-225C-4529-B16D-2BBAAD140A9F}"
EndProject
Global
	GlobalSection(SolutionConfigurationPlatforms) = preSolution
		Debug|Any CPU = Debug|Any CPU
		Release|Any CPU = Release|Any CPU
	EndGlobalSection
	GlobalSection(ProjectConfigurationPlatforms) = postSolution
		{C2802EA1-8437-4DE8-AC81-94E48D4A0428}.Debug|Any CPU.ActiveCfg = Debug|Any CPU
		{C2802EA1-8437-4DE8-AC81-94E48D4A0428}.Debug|Any CPU.Build.0 = Debug|Any CPU
		{C2802EA1-8437-4DE8-AC81-94E48D4A0428}.Release|Any CPU.ActiveCfg = Release|Any CPU
		{C2802EA1-8437-4DE8-AC81-94E48D4A0428}.Release|Any CPU.Build.0 = Release|Any CPU
		{94AFB764-B19F-42E7-AFF0-B7A06500C961}.Debug|Any CPU.ActiveCfg = Debug|Any CPU
		{94AFB764-B19F-42E7-AFF0-B7A06500C961}.Debug|Any CPU.Build.0 = Debug|Any CPU
		{94AFB764-B19F-42E7-AFF0-B7A06500C961}.Debug|Any CPU.Deploy.0 = Debug|Any CPU
		{94AFB764-B19F-42E7-AFF0-B7A06500C961}.Release|Any CPU.ActiveCfg = Release|Any CPU
		{94AFB764-B19F-42E7-AFF0-B7A06500C961}.Release|Any CPU.Build.0 = Release|Any CPU
		{94AFB764-B19F-42E7-AFF0-B7A06500C961}.Release|Any CPU.Deploy.0 = Release|Any CPU
		{7DCC4F78-12C6-428A-B59F-5C19BB706945}.Debug|Any CPU.ActiveCfg = Debug|Any CPU
		{7DCC4F78-12C6-428A-B59F-5C19BB706945}.Debug|Any CPU.Build.0 = Debug|Any CPU
		{7DCC4F78-12C6-428A-B59F-5C19BB706945}.Release|Any CPU.ActiveCfg = Release|Any CPU
		{7DCC4F78-12C6-428A-B59F-5C19BB706945}.Release|Any CPU.Build.0 = Release|Any CPU
		{BE4B153E-9E42-4325-9341-44230AFA7982}.Debug|Any CPU.ActiveCfg = Debug|Any CPU
		{BE4B153E-9E42-4325-9341-44230AFA7982}.Debug|Any CPU.Build.0 = Debug|Any CPU
		{BE4B153E-9E42-4325-9341-44230AFA7982}.Release|Any CPU.ActiveCfg = Release|Any CPU
		{BE4B153E-9E42-4325-9341-44230AFA7982}.Release|Any CPU.Build.0 = Release|Any CPU
		{4CC36F4A-225C-4529-B16D-2BBAAD140A9F}.Debug|Any CPU.ActiveCfg = Debug|Any CPU
		{4CC36F4A-225C-4529-B16D-2BBAAD140A9F}.Debug|Any CPU.Build.0 = Debug|Any CPU
		{4CC36F4A-225C-4529-B16D-2BBAAD140A9F}.Release|Any CPU.ActiveCfg = Release|Any CPU
		{4CC36F4A-225C-4529-B16D-2BBAAD140A9F}.Release|Any CPU.Build.0 = Release|Any CPU
	EndGlobalSection
	GlobalSection(SolutionProperties) = preSolution
		HideSolutionNode = FALSE
	EndGlobalSection
	GlobalSection(ExtensibilityGlobals) = postSolution
		SolutionGuid = {D9EF43E6-8E56-4092-9C9F-155593261F28}
	EndGlobalSection
EndGlobal
